
Microsoft Visual Studio Solution File, Format Version 12.00
# Visual Studio Version 16
VisualStudioVersion = 16.0.30523.141
MinimumVisualStudioVersion = 10.0.40219.1
Project("{FAE04EC0-301F-11D3-BF4B-00C04F79EFBC}") = "SetSidMapping", "SetSidMapping\SetSidMapping.csproj", "{86463B06-A5A0-4497-89E8-F24D874E94C8}"
EndProject
Global
	GlobalSection(SolutionConfigurationPlatforms) = preSolution
		Debug|Any CPU = Debug|Any CPU
		Release|Any CPU = Release|Any CPU
	EndGlobalSection
	GlobalSection(ProjectConfigurationPlatforms) = postSolution
		{86463B06-A5A0-4497-89E8-F24D874E94C8}.Debug|Any CPU.ActiveCfg = Debug|Any CPU
		{86463B06-A5A0-4497-89E8-F24D874E94C8}.Debug|Any CPU.Build.0 = Debug|Any CPU
		{86463B06-A5A0-4497-89E8-F24D874E94C8}.Release|Any CPU.ActiveCfg = Release|Any CPU
		{86463B06-A5A0-4497-89E8-F24D874E94C8}.Release|Any CPU.Build.0 = Release|Any CPU
	EndGlobalSection
	GlobalSection(SolutionProperties) = preSolution
		HideSolutionNode = FALSE
	EndGlobalSection
	GlobalSection(ExtensibilityGlobals) = postSolution
		SolutionGuid = {67A98E01-EF50-4028-83FE-470B11B98E76}
	EndGlobalSection
EndGlobal
